
Microsoft Visual Studio Solution File, Format Version 12.00
# Visual Studio Version 17
VisualStudioVersion = 17.8.34330.188
MinimumVisualStudioVersion = 10.0.40219.1
Project("{FAE04EC0-301F-11D3-BF4B-00C04F79EFBC}") = "Tolnagro-Test-Backend", "Tolnagro-Test-Backend.csproj", "{BA036CE9-5B6B-498A-9CCB-A31C95F520CA}"
EndProject
Global
	GlobalSection(SolutionConfigurationPlatforms) = preSolution
		Debug|Any CPU = Debug|Any CPU
		Release|Any CPU = Release|Any CPU
	EndGlobalSection
	GlobalSection(ProjectConfigurationPlatforms) = postSolution
		{BA036CE9-5B6B-498A-9CCB-A31C95F520CA}.Debug|Any CPU.ActiveCfg = Debug|Any CPU
		{BA036CE9-5B6B-498A-9CCB-A31C95F520CA}.Debug|Any CPU.Build.0 = Debug|Any CPU
		{BA036CE9-5B6B-498A-9CCB-A31C95F520CA}.Release|Any CPU.ActiveCfg = Release|Any CPU
		{BA036CE9-5B6B-498A-9CCB-A31C95F520CA}.Release|Any CPU.Build.0 = Release|Any CPU
	EndGlobalSection
	GlobalSection(SolutionProperties) = preSolution
		HideSolutionNode = FALSE
	EndGlobalSection
	GlobalSection(ExtensibilityGlobals) = postSolution
		SolutionGuid = {4F1AB283-404E-4D7D-B8DF-CEF822DA78FA}
	EndGlobalSection
EndGlobal
